<?xml version="1.0" encoding="utf-8"?>
<Project ToolsVersion="4.0" xmlns="http://schemas.microsoft.com/developer/msbuild/2003">
  <ItemGroup>
    <Filter Include="Source Files">
      <UniqueIdentifier>{4FC737F1-C7A5-4376-A066-2A32D752A2FF}</UniqueIdentifier>
      <Extensions>cpp;c;cc;cxx;c++;cppm;ixx;def;odl;idl;hpj;bat;asm;asmx</Extensions>
    </Filter>
    <Filter Include="Header Files">
      <UniqueIdentifier>{93995380-89BD-4b04-88EB-625FBE52EBFB}</UniqueIdentifier>
      <Extensions>h;hh;hpp;hxx;h++;hm;inl;inc;ipp;xsd</Extensions>
    </Filter>
    <Filter Include="Resource Files">
      <UniqueIdentifier>{67DA6AB6-F800-4c08-8B7A-83BB121AAD01}</UniqueIdentifier>
      <Extensions>rc;ico;cur;bmp;dlg;rc2;rct;bin;rgs;gif;jpg;jpeg;jpe;resx;tiff;tif;png;wav;mfcribbon-ms</Extensions>
    </Filter>
  </ItemGroup>
  <ItemGroup>
    <ClCompile Include="Ex32.cpp">
      <Filter>Source Files</Filter>
    </ClCompile>
  </ItemGroup>
  <ItemGroup>
    <ClInclude Include="tabulate-master\include\tabulate\asciidoc_exporter.hpp">
      <Filter>Header Files</Filter>
    </ClInclude>
    <ClInclude Include="tabulate-master\include\tabulate\cell.hpp">
      <Filter>Header Files</Filter>
    </ClInclude>
    <ClInclude Include="tabulate-master\include\tabulate\color.hpp">
      <Filter>Header Files</Filter>
    </ClInclude>
    <ClInclude Include="tabulate-master\include\tabulate\column.hpp">
      <Filter>Header Files</Filter>
    </ClInclude>
    <ClInclude Include="tabulate-master\include\tabulate\column_format.hpp">
      <Filter>Header Files</Filter>
    </ClInclude>
    <ClInclude Include="tabulate-master\include\tabulate\exporter.hpp">
      <Filter>Header Files</Filter>
    </ClInclude>
    <ClInclude Include="tabulate-master\include\tabulate\font_align.hpp">
      <Filter>Header Files</Filter>
    </ClInclude>
    <ClInclude Include="tabulate-master\include\tabulate\font_style.hpp">
      <Filter>Header Files</Filter>
    </ClInclude>
    <ClInclude Include="tabulate-master\include\tabulate\format.hpp">
      <Filter>Header Files</Filter>
    </ClInclude>
    <ClInclude Include="tabulate-master\include\tabulate\latex_exporter.hpp">
      <Filter>Header Files</Filter>
    </ClInclude>
    <ClInclude Include="tabulate-master\include\tabulate\markdown_exporter.hpp">
      <Filter>Header Files</Filter>
    </ClInclude>
    <ClInclude Include="tabulate-master\include\tabulate\optional_lite.hpp">
      <Filter>Header Files</Filter>
    </ClInclude>
    <ClInclude Include="tabulate-master\include\tabulate\printer.hpp">
      <Filter>Header Files</Filter>
    </ClInclude>
    <ClInclude Include="tabulate-master\include\tabulate\row.hpp">
      <Filter>Header Files</Filter>
    </ClInclude>
    <ClInclude Include="tabulate-master\include\tabulate\string_view_lite.hpp">
      <Filter>Header Files</Filter>
    </ClInclude>
    <ClInclude Include="tabulate-master\include\tabulate\table.hpp">
      <Filter>Header Files</Filter>
    </ClInclude>
    <ClInclude Include="tabulate-master\include\tabulate\table_internal.hpp">
      <Filter>Header Files</Filter>
    </ClInclude>
    <ClInclude Include="tabulate-master\include\tabulate\tabulate.hpp">
      <Filter>Header Files</Filter>
    </ClInclude>
    <ClInclude Include="tabulate-master\include\tabulate\termcolor.hpp">
      <Filter>Header Files</Filter>
    </ClInclude>
    <ClInclude Include="tabulate-master\include\tabulate\utf8.hpp">
      <Filter>Header Files</Filter>
    </ClInclude>
    <ClInclude Include="tabulate-master\include\tabulate\variant_lite.hpp">
      <Filter>Header Files</Filter>
    </ClInclude>
  </ItemGroup>
</Project>